// !$*UTF8*$!
{
	archiveVersion = 1;
	classes = {
	};
	objectVersion = 48;
	objects = {

/* Begin PBXBuildFile section */
		65195503201B42B500F8A009 /* AppDelegate.swift in Sources */ = {isa = PBXBuildFile; fileRef = 65195502201B42B500F8A009 /* AppDelegate.swift */; };
		65195505201B42B500F8A009 /* ViewController.swift in Sources */ = {isa = PBXBuildFile; fileRef = 65195504201B42B500F8A009 /* ViewController.swift */; };
		65195508201B42B500F8A009 /* Main.storyboard in Resources */ = {isa = PBXBuildFile; fileRef = 65195506201B42B500F8A009 /* Main.storyboard */; };
		6519550A201B42B500F8A009 /* Assets.xcassets in Resources */ = {isa = PBXBuildFile; fileRef = 65195509201B42B500F8A009 /* Assets.xcassets */; };
		6519550D201B42B500F8A009 /* LaunchScreen.storyboard in Resources */ = {isa = PBXBuildFile; fileRef = 6519550B201B42B500F8A009 /* LaunchScreen.storyboard */; };
		65195518201B42B500F8A009 /* PuzzleProjectTests.swift in Sources */ = {isa = PBXBuildFile; fileRef = 65195517201B42B500F8A009 /* PuzzleProjectTests.swift */; };
		65195523201B4F6600F8A009 /* Player.swift in Sources */ = {isa = PBXBuildFile; fileRef = 65195522201B4F6600F8A009 /* Player.swift */; };
		654A55BE20345F710007472A /* ViewControllerAddPlayer.swift in Sources */ = {isa = PBXBuildFile; fileRef = 654A55BD20345F710007472A /* ViewControllerAddPlayer.swift */; };
		654A55C220349EE00007472A /* ViewControllerResult.swift in Sources */ = {isa = PBXBuildFile; fileRef = 654A55C120349EE00007472A /* ViewControllerResult.swift */; };
		654A55C42034A07A0007472A /* TableViewCellResult.swift in Sources */ = {isa = PBXBuildFile; fileRef = 654A55C32034A07A0007472A /* TableViewCellResult.swift */; };
		6563ECC32036EE1B00EEA6D8 /* TableViewCellMain.swift in Sources */ = {isa = PBXBuildFile; fileRef = 6563ECC22036EE1B00EEA6D8 /* TableViewCellMain.swift */; };
		659E65B2203C3E8D007A9073 /* Localizable.strings in Resources */ = {isa = PBXBuildFile; fileRef = 659E65B4203C3E8D007A9073 /* Localizable.strings */; };
/* End PBXBuildFile section */

/* Begin PBXContainerItemProxy section */
		65195514201B42B500F8A009 /* PBXContainerItemProxy */ = {
			isa = PBXContainerItemProxy;
			containerPortal = 651954F7201B42B500F8A009 /* Project object */;
			proxyType = 1;
			remoteGlobalIDString = 651954FE201B42B500F8A009;
			remoteInfo = PuzzleProject;
		};
/* End PBXContainerItemProxy section */

/* Begin PBXFileReference section */
		651954FF201B42B500F8A009 /* PuzzleProject.app */ = {isa = PBXFileReference; explicitFileType = wrapper.application; includeInIndex = 0; path = PuzzleProject.app; sourceTree = BUILT_PRODUCTS_DIR; };
		65195502201B42B500F8A009 /* AppDelegate.swift */ = {isa = PBXFileReference; lastKnownFileType = sourcecode.swift; path = AppDelegate.swift; sourceTree = "<group>"; };
		65195504201B42B500F8A009 /* ViewController.swift */ = {isa = PBXFileReference; lastKnownFileType = sourcecode.swift; path = ViewController.swift; sourceTree = "<group>"; };
		65195507201B42B500F8A009 /* Base */ = {isa = PBXFileReference; lastKnownFileType = file.storyboard; name = Base; path = Base.lproj/Main.storyboard; sourceTree = "<group>"; };
		65195509201B42B500F8A009 /* Assets.xcassets */ = {isa = PBXFileReference; lastKnownFileType = folder.assetcatalog; path = Assets.xcassets; sourceTree = "<group>"; };
		6519550C201B42B500F8A009 /* Base */ = {isa = PBXFileReference; lastKnownFileType = file.storyboard; name = Base; path = Base.lproj/LaunchScreen.storyboard; sourceTree = "<group>"; };
		6519550E201B42B500F8A009 /* Info.plist */ = {isa = PBXFileReference; lastKnownFileType = text.plist.xml; path = Info.plist; sourceTree = "<group>"; };
		65195513201B42B500F8A009 /* PuzzleProjectTests.xctest */ = {isa = PBXFileReference; explicitFileType = wrapper.cfbundle; includeInIndex = 0; path = PuzzleProjectTests.xctest; sourceTree = BUILT_PRODUCTS_DIR; };
		65195517201B42B500F8A009 /* PuzzleProjectTests.swift */ = {isa = PBXFileReference; lastKnownFileType = sourcecode.swift; path = PuzzleProjectTests.swift; sourceTree = "<group>"; };
		65195519201B42B500F8A009 /* Info.plist */ = {isa = PBXFileReference; lastKnownFileType = text.plist.xml; path = Info.plist; sourceTree = "<group>"; };
		65195522201B4F6600F8A009 /* Player.swift */ = {isa = PBXFileReference; lastKnownFileType = sourcecode.swift; path = Player.swift; sourceTree = "<group>"; };
		654A55BD20345F710007472A /* ViewControllerAddPlayer.swift */ = {isa = PBXFileReference; lastKnownFileType = sourcecode.swift; path = ViewControllerAddPlayer.swift; sourceTree = "<group>"; };
		654A55C120349EE00007472A /* ViewControllerResult.swift */ = {isa = PBXFileReference; lastKnownFileType = sourcecode.swift; path = ViewControllerResult.swift; sourceTree = "<group>"; };
		654A55C32034A07A0007472A /* TableViewCellResult.swift */ = {isa = PBXFileReference; lastKnownFileType = sourcecode.swift; path = TableViewCellResult.swift; sourceTree = "<group>"; };
		6563ECC22036EE1B00EEA6D8 /* TableViewCellMain.swift */ = {isa = PBXFileReference; lastKnownFileType = sourcecode.swift; path = TableViewCellMain.swift; sourceTree = "<group>"; };
		659E65AE203C3D6A007A9073 /* sv */ = {isa = PBXFileReference; lastKnownFileType = text.plist.strings; name = sv; path = sv.lproj/Main.strings; sourceTree = "<group>"; };
		659E65AF203C3D6A007A9073 /* sv */ = {isa = PBXFileReference; lastKnownFileType = text.plist.strings; name = sv; path = sv.lproj/LaunchScreen.strings; sourceTree = "<group>"; };
		659E65B3203C3E8D007A9073 /* sv */ = {isa = PBXFileReference; lastKnownFileType = text.plist.strings; name = sv; path = sv.lproj/Localizable.strings; sourceTree = "<group>"; };
		659E65B5203C3E9A007A9073 /* Base */ = {isa = PBXFileReference; lastKnownFileType = text.plist.strings; name = Base; path = Base.lproj/Localizable.strings; sourceTree = "<group>"; };
/* End PBXFileReference section */

/* Begin PBXFrameworksBuildPhase section */
		651954FC201B42B500F8A009 /* Frameworks */ = {
			isa = PBXFrameworksBuildPhase;
			buildActionMask = 2147483647;
			files = (
			);
			runOnlyForDeploymentPostprocessing = 0;
		};
		65195510201B42B500F8A009 /* Frameworks */ = {
			isa = PBXFrameworksBuildPhase;
			buildActionMask = 2147483647;
			files = (
			);
			runOnlyForDeploymentPostprocessing = 0;
		};
/* End PBXFrameworksBuildPhase section */

/* Begin PBXGroup section */
		651954F6201B42B500F8A009 = {
			isa = PBXGroup;
			children = (
				65195501201B42B500F8A009 /* PuzzleProject */,
				65195516201B42B500F8A009 /* PuzzleProjectTests */,
				65195500201B42B500F8A009 /* Products */,
			);
			sourceTree = "<group>";
		};
		65195500201B42B500F8A009 /* Products */ = {
			isa = PBXGroup;
			children = (
				651954FF201B42B500F8A009 /* PuzzleProject.app */,
				65195513201B42B500F8A009 /* PuzzleProjectTests.xctest */,
			);
			name = Products;
			sourceTree = "<group>";
		};
		65195501201B42B500F8A009 /* PuzzleProject */ = {
			isa = PBXGroup;
			children = (
				65195502201B42B500F8A009 /* AppDelegate.swift */,
				654A55BD20345F710007472A /* ViewControllerAddPlayer.swift */,
				65195504201B42B500F8A009 /* ViewController.swift */,
				654A55C120349EE00007472A /* ViewControllerResult.swift */,
				654A55C32034A07A0007472A /* TableViewCellResult.swift */,
				6563ECC22036EE1B00EEA6D8 /* TableViewCellMain.swift */,
				65195506201B42B500F8A009 /* Main.storyboard */,
				65195509201B42B500F8A009 /* Assets.xcassets */,
				6519550B201B42B500F8A009 /* LaunchScreen.storyboard */,
				6519550E201B42B500F8A009 /* Info.plist */,
				65195522201B4F6600F8A009 /* Player.swift */,
				659E65B4203C3E8D007A9073 /* Localizable.strings */,
			);
			path = PuzzleProject;
			sourceTree = "<group>";
		};
		65195516201B42B500F8A009 /* PuzzleProjectTests */ = {
			isa = PBXGroup;
			children = (
				65195517201B42B500F8A009 /* PuzzleProjectTests.swift */,
				65195519201B42B500F8A009 /* Info.plist */,
			);
			path = PuzzleProjectTests;
			sourceTree = "<group>";
		};
/* End PBXGroup section */

/* Begin PBXNativeTarget section */
		651954FE201B42B500F8A009 /* PuzzleProject */ = {
			isa = PBXNativeTarget;
			buildConfigurationList = 6519551C201B42B500F8A009 /* Build configuration list for PBXNativeTarget "PuzzleProject" */;
			buildPhases = (
				651954FB201B42B500F8A009 /* Sources */,
				651954FC201B42B500F8A009 /* Frameworks */,
				651954FD201B42B500F8A009 /* Resources */,
			);
			buildRules = (
			);
			dependencies = (
			);
			name = PuzzleProject;
			productName = PuzzleProject;
			productReference = 651954FF201B42B500F8A009 /* PuzzleProject.app */;
			productType = "com.apple.product-type.application";
		};
		65195512201B42B500F8A009 /* PuzzleProjectTests */ = {
			isa = PBXNativeTarget;
			buildConfigurationList = 6519551F201B42B500F8A009 /* Build configuration list for PBXNativeTarget "PuzzleProjectTests" */;
			buildPhases = (
				6519550F201B42B500F8A009 /* Sources */,
				65195510201B42B500F8A009 /* Frameworks */,
				65195511201B42B500F8A009 /* Resources */,
			);
			buildRules = (
			);
			dependencies = (
				65195515201B42B500F8A009 /* PBXTargetDependency */,
			);
			name = PuzzleProjectTests;
			productName = PuzzleProjectTests;
			productReference = 65195513201B42B500F8A009 /* PuzzleProjectTests.xctest */;
			productType = "com.apple.product-type.bundle.unit-test";
		};
/* End PBXNativeTarget section */

/* Begin PBXProject section */
		651954F7201B42B500F8A009 /* Project object */ = {
			isa = PBXProject;
			attributes = {
				LastSwiftUpdateCheck = 0920;
				LastUpgradeCheck = 0920;
				ORGANIZATIONNAME = "Peter Karlsson";
				TargetAttributes = {
					651954FE201B42B500F8A009 = {
						CreatedOnToolsVersion = 9.2;
						ProvisioningStyle = Automatic;
					};
					65195512201B42B500F8A009 = {
						CreatedOnToolsVersion = 9.2;
						ProvisioningStyle = Automatic;
						TestTargetID = 651954FE201B42B500F8A009;
					};
				};
			};
			buildConfigurationList = 651954FA201B42B500F8A009 /* Build configuration list for PBXProject "PuzzleProject" */;
			compatibilityVersion = "Xcode 8.0";
			developmentRegion = en;
			hasScannedForEncodings = 0;
			knownRegions = (
				en,
				Base,
			);
			mainGroup = 651954F6201B42B500F8A009;
			productRefGroup = 65195500201B42B500F8A009 /* Products */;
			projectDirPath = "";
			projectRoot = "";
			targets = (
				651954FE201B42B500F8A009 /* PuzzleProject */,
				65195512201B42B500F8A009 /* PuzzleProjectTests */,
			);
		};
/* End PBXProject section */

/* Begin PBXResourcesBuildPhase section */
		651954FD201B42B500F8A009 /* Resources */ = {
			isa = PBXResourcesBuildPhase;
			buildActionMask = 2147483647;
			files = (
				6519550D201B42B500F8A009 /* LaunchScreen.storyboard in Resources */,
				659E65B2203C3E8D007A9073 /* Localizable.strings in Resources */,
				6519550A201B42B500F8A009 /* Assets.xcassets in Resources */,
				65195508201B42B500F8A009 /* Main.storyboard in Resources */,
			);
			runOnlyForDeploymentPostprocessing = 0;
		};
		65195511201B42B500F8A009 /* Resources */ = {
			isa = PBXResourcesBuildPhase;
			buildActionMask = 2147483647;
			files = (
			);
			runOnlyForDeploymentPostprocessing = 0;
		};
/* End PBXResourcesBuildPhase section */

/* Begin PBXSourcesBuildPhase section */
		651954FB201B42B500F8A009 /* Sources */ = {
			isa = PBXSourcesBuildPhase;
			buildActionMask = 2147483647;
			files = (
				654A55BE20345F710007472A /* ViewControllerAddPlayer.swift in Sources */,
				65195505201B42B500F8A009 /* ViewController.swift in Sources */,
				65195523201B4F6600F8A009 /* Player.swift in Sources */,
				654A55C220349EE00007472A /* ViewControllerResult.swift in Sources */,
				654A55C42034A07A0007472A /* TableViewCellResult.swift in Sources */,
				65195503201B42B500F8A009 /* AppDelegate.swift in Sources */,
				6563ECC32036EE1B00EEA6D8 /* TableViewCellMain.swift in Sources */,
			);
			runOnlyForDeploymentPostprocessing = 0;
		};
		6519550F201B42B500F8A009 /* Sources */ = {
			isa = PBXSourcesBuildPhase;
			buildActionMask = 2147483647;
			files = (
				65195518201B42B500F8A009 /* PuzzleProjectTests.swift in Sources */,
			);
			runOnlyForDeploymentPostprocessing = 0;
		};
/* End PBXSourcesBuildPhase section */

/* Begin PBXTargetDependency section */
		65195515201B42B500F8A009 /* PBXTargetDependency */ = {
			isa = PBXTargetDependency;
			target = 651954FE201B42B500F8A009 /* PuzzleProject */;
			targetProxy = 65195514201B42B500F8A009 /* PBXContainerItemProxy */;
		};
/* End PBXTargetDependency section */

/* Begin PBXVariantGroup section */
		65195506201B42B500F8A009 /* Main.storyboard */ = {
			isa = PBXVariantGroup;
			children = (
				65195507201B42B500F8A009 /* Base */,
				659E65AE203C3D6A007A9073 /* sv */,
			);
			name = Main.storyboard;
			sourceTree = "<group>";
		};
		6519550B201B42B500F8A009 /* LaunchScreen.storyboard */ = {
			isa = PBXVariantGroup;
			children = (
				6519550C201B42B500F8A009 /* Base */,
				659E65AF203C3D6A007A9073 /* sv */,
			);
			name = LaunchScreen.storyboard;
			sourceTree = "<group>";
		};
		659E65B4203C3E8D007A9073 /* Localizable.strings */ = {
			isa = PBXVariantGroup;
			children = (
				659E65B3203C3E8D007A9073 /* sv */,
				659E65B5203C3E9A007A9073 /* Base */,
			);
			name = Localizable.strings;
			sourceTree = "<group>";
		};
/* End PBXVariantGroup section */

/* Begin XCBuildConfiguration section */
		6519551A201B42B500F8A009 /* Debug */ = {
			isa = XCBuildConfiguration;
			buildSettings = {
				ALWAYS_SEARCH_USER_PATHS = NO;
				CLANG_ANALYZER_LOCALIZABILITY_NONLOCALIZED = YES;
				CLANG_ANALYZER_NONNULL = YES;
				CLANG_ANALYZER_NUMBER_OBJECT_CONVERSION = YES_AGGRESSIVE;
				CLANG_CXX_LANGUAGE_STANDARD = "gnu++14";
				CLANG_CXX_LIBRARY = "libc++";
				CLANG_ENABLE_MODULES = YES;
				CLANG_ENABLE_OBJC_ARC = YES;
				CLANG_WARN_BLOCK_CAPTURE_AUTORELEASING = YES;
				CLANG_WARN_BOOL_CONVERSION = YES;
				CLANG_WARN_COMMA = YES;
				CLANG_WARN_CONSTANT_CONVERSION = YES;
				CLANG_WARN_DIRECT_OBJC_ISA_USAGE = YES_ERROR;
				CLANG_WARN_DOCUMENTATION_COMMENTS = YES;
				CLANG_WARN_EMPTY_BODY = YES;
				CLANG_WARN_ENUM_CONVERSION = YES;
				CLANG_WARN_INFINITE_RECURSION = YES;
				CLANG_WARN_INT_CONVERSION = YES;
				CLANG_WARN_NON_LITERAL_NULL_CONVERSION = YES;
				CLANG_WARN_OBJC_LITERAL_CONVERSION = YES;
				CLANG_WARN_OBJC_ROOT_CLASS = YES_ERROR;
				CLANG_WARN_RANGE_LOOP_ANALYSIS = YES;
				CLANG_WARN_STRICT_PROTOTYPES = YES;
				CLANG_WARN_SUSPICIOUS_MOVE = YES;
				CLANG_WARN_UNGUARDED_AVAILABILITY = YES_AGGRESSIVE;
				CLANG_WARN_UNREACHABLE_CODE = YES;
				CLANG_WARN__DUPLICATE_METHOD_MATCH = YES;
				CODE_SIGN_IDENTITY = "iPhone Developer";
				COPY_PHASE_STRIP = NO;
				DEBUG_INFORMATION_FORMAT = dwarf;
				ENABLE_STRICT_OBJC_MSGSEND = YES;
				ENABLE_TESTABILITY = YES;
				GCC_C_LANGUAGE_STANDARD = gnu11;
				GCC_DYNAMIC_NO_PIC = NO;
				GCC_NO_COMMON_BLOCKS = YES;
				GCC_OPTIMIZATION_LEVEL = 0;
				GCC_PREPROCESSOR_DEFINITIONS = (
					"DEBUG=1",
					"$(inherited)",
				);
				GCC_WARN_64_TO_32_BIT_CONVERSION = YES;
				GCC_WARN_ABOUT_RETURN_TYPE = YES_ERROR;
				GCC_WARN_UNDECLARED_SELECTOR = YES;
				GCC_WARN_UNINITIALIZED_AUTOS = YES_AGGRESSIVE;
				GCC_WARN_UNUSED_FUNCTION = YES;
				GCC_WARN_UNUSED_VARIABLE = YES;
				IPHONEOS_DEPLOYMENT_TARGET = 11.2;
				MTL_ENABLE_DEBUG_INFO = YES;
				ONLY_ACTIVE_ARCH = YES;
				SDKROOT = iphoneos;
				SWIFT_ACTIVE_COMPILATION_CONDITIONS = DEBUG;
				SWIFT_OPTIMIZATION_LEVEL = "-Onone";
			};
			name = Debug;
		};
		6519551B201B42B500F8A009 /* Release */ = {
			isa = XCBuildConfiguration;
			buildSettings = {
				ALWAYS_SEARCH_USER_PATHS = NO;
				CLANG_ANALYZER_LOCALIZABILITY_NONLOCALIZED = YES;
				CLANG_ANALYZER_NONNULL = YES;
				CLANG_ANALYZER_NUMBER_OBJECT_CONVERSION = YES_AGGRESSIVE;
				CLANG_CXX_LANGUAGE_STANDARD = "gnu++14";
				CLANG_CXX_LIBRARY = "libc++";
				CLANG_ENABLE_MODULES = YES;
				CLANG_ENABLE_OBJC_ARC = YES;
				CLANG_WARN_BLOCK_CAPTURE_AUTORELEASING = YES;
				CLANG_WARN_BOOL_CONVERSION = YES;
				CLANG_WARN_COMMA = YES;
				CLANG_WARN_CONSTANT_CONVERSION = YES;
				CLANG_WARN_DIRECT_OBJC_ISA_USAGE = YES_ERROR;
				CLANG_WARN_DOCUMENTATION_COMMENTS = YES;
				CLANG_WARN_EMPTY_BODY = YES;
				CLANG_WARN_ENUM_CONVERSION = YES;
				CLANG_WARN_INFINITE_RECURSION = YES;
				CLANG_WARN_INT_CONVERSION = YES;
				CLANG_WARN_NON_LITERAL_NULL_CONVERSION = YES;
				CLANG_WARN_OBJC_LITERAL_CONVERSION = YES;
				CLANG_WARN_OBJC_ROOT_CLASS = YES_ERROR;
				CLANG_WARN_RANGE_LOOP_ANALYSIS = YES;
				CLANG_WARN_STRICT_PROTOTYPES = YES;
				CLANG_WARN_SUSPICIOUS_MOVE = YES;
				CLANG_WARN_UNGUARDED_AVAILABILITY = YES_AGGRESSIVE;
				CLANG_WARN_UNREACHABLE_CODE = YES;
				CLANG_WARN__DUPLICATE_METHOD_MATCH = YES;
				CODE_SIGN_IDENTITY = "iPhone Developer";
				COPY_PHASE_STRIP = NO;
				DEBUG_INFORMATION_FORMAT = "dwarf-with-dsym";
				ENABLE_NS_ASSERTIONS = NO;
				ENABLE_STRICT_OBJC_MSGSEND = YES;
				GCC_C_LANGUAGE_STANDARD = gnu11;
				GCC_NO_COMMON_BLOCKS = YES;
				GCC_WARN_64_TO_32_BIT_CONVERSION = YES;
				GCC_WARN_ABOUT_RETURN_TYPE = YES_ERROR;
				GCC_WARN_UNDECLARED_SELECTOR = YES;
				GCC_WARN_UNINITIALIZED_AUTOS = YES_AGGRESSIVE;
				GCC_WARN_UNUSED_FUNCTION = YES;
				GCC_WARN_UNUSED_VARIABLE = YES;
				IPHONEOS_DEPLOYMENT_TARGET = 11.2;
				MTL_ENABLE_DEBUG_INFO = NO;
				SDKROOT = iphoneos;
				SWIFT_OPTIMIZATION_LEVEL = "-Owholemodule";
				VALIDATE_PRODUCT = YES;
			};
			name = Release;
		};
		6519551D201B42B500F8A009 /* Debug */ = {
			isa = XCBuildConfiguration;
			buildSettings = {
				ASSETCATALOG_COMPILER_APPICON_NAME = AppIcon;
				CODE_SIGN_STYLE = Automatic;
				DEVELOPMENT_TEAM = 7Z7AH8A8YU;
				INFOPLIST_FILE = PuzzleProject/Info.plist;
				LD_RUNPATH_SEARCH_PATHS = "$(inherited) @executable_path/Frameworks";
				PRODUCT_BUNDLE_IDENTIFIER = hej.PuzzleProject;
				PRODUCT_NAME = "$(TARGET_NAME)";
				SWIFT_VERSION = 4.0;
				TARGETED_DEVICE_FAMILY = "1,2";
			};
			name = Debug;
		};
		6519551E201B42B500F8A009 /* Release */ = {
			isa = XCBuildConfiguration;
			buildSettings = {
				ASSETCATALOG_COMPILER_APPICON_NAME = AppIcon;
				CODE_SIGN_STYLE = Automatic;
				DEVELOPMENT_TEAM = 7Z7AH8A8YU;
				INFOPLIST_FILE = PuzzleProject/Info.plist;
				LD_RUNPATH_SEARCH_PATHS = "$(inherited) @executable_path/Frameworks";
				PRODUCT_BUNDLE_IDENTIFIER = hej.PuzzleProject;
				PRODUCT_NAME = "$(TARGET_NAME)";
				SWIFT_VERSION = 4.0;
				TARGETED_DEVICE_FAMILY = "1,2";
			};
			name = Release;
		};
		65195520201B42B500F8A009 /* Debug */ = {
			isa = XCBuildConfiguration;
			buildSettings = {
				ALWAYS_EMBED_SWIFT_STANDARD_LIBRARIES = YES;
				BUNDLE_LOADER = "$(TEST_HOST)";
				CODE_SIGN_STYLE = Automatic;
				INFOPLIST_FILE = PuzzleProjectTests/Info.plist;
				LD_RUNPATH_SEARCH_PATHS = "$(inherited) @executable_path/Frameworks @loader_path/Frameworks";
				PRODUCT_BUNDLE_IDENTIFIER = hej.PuzzleProjectTests;
				PRODUCT_NAME = "$(TARGET_NAME)";
				SWIFT_VERSION = 4.0;
				TARGETED_DEVICE_FAMILY = "1,2";
				TEST_HOST = "$(BUILT_PRODUCTS_DIR)/PuzzleProject.app/PuzzleProject";
			};
			name = Debug;
		};
		65195521201B42B500F8A009 /* Release */ = {
			isa = XCBuildConfiguration;
			buildSettings = {
				ALWAYS_EMBED_SWIFT_STANDARD_LIBRARIES = YES;
				BUNDLE_LOADER = "$(TEST_HOST)";
				CODE_SIGN_STYLE = Automatic;
				INFOPLIST_FILE = PuzzleProjectTests/Info.plist;
				LD_RUNPATH_SEARCH_PATHS = "$(inherited) @executable_path/Frameworks @loader_path/Frameworks";
				PRODUCT_BUNDLE_IDENTIFIER = hej.PuzzleProjectTests;
				PRODUCT_NAME = "$(TARGET_NAME)";
				SWIFT_VERSION = 4.0;
				TARGETED_DEVICE_FAMILY = "1,2";
				TEST_HOST = "$(BUILT_PRODUCTS_DIR)/PuzzleProject.app/PuzzleProject";
			};
			name = Release;
		};
/* End XCBuildConfiguration section */

/* Begin XCConfigurationList section */
		651954FA201B42B500F8A009 /* Build configuration list for PBXProject "PuzzleProject" */ = {
			isa = XCConfigurationList;
			buildConfigurations = (
				6519551A201B42B500F8A009 /* Debug */,
				6519551B201B42B500F8A009 /* Release */,
			);
			defaultConfigurationIsVisible = 0;
			defaultConfigurationName = Release;
		};
		6519551C201B42B500F8A009 /* Build configuration list for PBXNativeTarget "PuzzleProject" */ = {
			isa = XCConfigurationList;
			buildConfigurations = (
				6519551D201B42B500F8A009 /* Debug */,
				6519551E201B42B500F8A009 /* Release */,
			);
			defaultConfigurationIsVisible = 0;
			defaultConfigurationName = Release;
		};
		6519551F201B42B500F8A009 /* Build configuration list for PBXNativeTarget "PuzzleProjectTests" */ = {
			isa = XCConfigurationList;
			buildConfigurations = (
				65195520201B42B500F8A009 /* Debug */,
				65195521201B42B500F8A009 /* Release */,
			);
			defaultConfigurationIsVisible = 0;
			defaultConfigurationName = Release;
		};
/* End XCConfigurationList section */
	};
	rootObject = 651954F7201B42B500F8A009 /* Project object */;
}
